
Microsoft Visual Studio Solution File, Format Version 12.00
# Visual Studio Version 16
VisualStudioVersion = 16.0.29609.76
MinimumVisualStudioVersion = 10.0.40219.1
Project("{9A19103F-16F7-4668-BE54-9A1E7A4F7556}") = "AnaliseDados.Domain", "AnaliseDados.Domain\AnaliseDados.Domain.csproj", "{79B689E1-BAB2-4059-9019-3BE684034C83}"
EndProject
Project("{9A19103F-16F7-4668-BE54-9A1E7A4F7556}") = "AnaliseDados.EventBus.Consumer", "AnaliseDados.EventBus.Consumer\AnaliseDados.EventBus.Consumer.csproj", "{CBD09755-A405-4E17-BFC9-54BD94403159}"
EndProject
Project("{9A19103F-16F7-4668-BE54-9A1E7A4F7556}") = "AnaliseDados.EventBus.Producer", "AnaliseDados.EventBus.Producer\AnaliseDados.EventBus.Producer.csproj", "{5BC3594D-9F4F-4E37-9D29-121D2A9AC6AF}"
EndProject
Project("{9A19103F-16F7-4668-BE54-9A1E7A4F7556}") = "AnaliseDados.Domain.Tests", "AnaliseDados.Domain.Tests\AnaliseDados.Domain.Tests.csproj", "{833AD3DA-B150-4BF2-863D-BFE3AFC0F496}"
EndProject
Project("{E53339B2-1760-4266-BCC7-CA923CBCF16C}") = "docker-compose", "docker-compose.dcproj", "{1B2D9EBA-CFC9-4A71-AE27-9B9C07C217C2}"
EndProject
Global
	GlobalSection(SolutionConfigurationPlatforms) = preSolution
		Debug|Any CPU = Debug|Any CPU
		Release|Any CPU = Release|Any CPU
	EndGlobalSection
	GlobalSection(ProjectConfigurationPlatforms) = postSolution
		{79B689E1-BAB2-4059-9019-3BE684034C83}.Debug|Any CPU.ActiveCfg = Debug|Any CPU
		{79B689E1-BAB2-4059-9019-3BE684034C83}.Debug|Any CPU.Build.0 = Debug|Any CPU
		{79B689E1-BAB2-4059-9019-3BE684034C83}.Release|Any CPU.ActiveCfg = Release|Any CPU
		{79B689E1-BAB2-4059-9019-3BE684034C83}.Release|Any CPU.Build.0 = Release|Any CPU
		{CBD09755-A405-4E17-BFC9-54BD94403159}.Debug|Any CPU.ActiveCfg = Debug|Any CPU
		{CBD09755-A405-4E17-BFC9-54BD94403159}.Debug|Any CPU.Build.0 = Debug|Any CPU
		{CBD09755-A405-4E17-BFC9-54BD94403159}.Release|Any CPU.ActiveCfg = Release|Any CPU
		{CBD09755-A405-4E17-BFC9-54BD94403159}.Release|Any CPU.Build.0 = Release|Any CPU
		{5BC3594D-9F4F-4E37-9D29-121D2A9AC6AF}.Debug|Any CPU.ActiveCfg = Debug|Any CPU
		{5BC3594D-9F4F-4E37-9D29-121D2A9AC6AF}.Debug|Any CPU.Build.0 = Debug|Any CPU
		{5BC3594D-9F4F-4E37-9D29-121D2A9AC6AF}.Release|Any CPU.ActiveCfg = Release|Any CPU
		{5BC3594D-9F4F-4E37-9D29-121D2A9AC6AF}.Release|Any CPU.Build.0 = Release|Any CPU
		{833AD3DA-B150-4BF2-863D-BFE3AFC0F496}.Debug|Any CPU.ActiveCfg = Debug|Any CPU
		{833AD3DA-B150-4BF2-863D-BFE3AFC0F496}.Debug|Any CPU.Build.0 = Debug|Any CPU
		{833AD3DA-B150-4BF2-863D-BFE3AFC0F496}.Release|Any CPU.ActiveCfg = Release|Any CPU
		{833AD3DA-B150-4BF2-863D-BFE3AFC0F496}.Release|Any CPU.Build.0 = Release|Any CPU
		{1B2D9EBA-CFC9-4A71-AE27-9B9C07C217C2}.Debug|Any CPU.ActiveCfg = Debug|Any CPU
		{1B2D9EBA-CFC9-4A71-AE27-9B9C07C217C2}.Debug|Any CPU.Build.0 = Debug|Any CPU
		{1B2D9EBA-CFC9-4A71-AE27-9B9C07C217C2}.Release|Any CPU.ActiveCfg = Release|Any CPU
		{1B2D9EBA-CFC9-4A71-AE27-9B9C07C217C2}.Release|Any CPU.Build.0 = Release|Any CPU
	EndGlobalSection
	GlobalSection(SolutionProperties) = preSolution
		HideSolutionNode = FALSE
	EndGlobalSection
	GlobalSection(ExtensibilityGlobals) = postSolution
		SolutionGuid = {6AA4013E-C6D6-475F-B54E-5654FE2F0376}
	EndGlobalSection
EndGlobal
